
Microsoft Visual Studio Solution File, Format Version 12.00
# Visual Studio Version 16
VisualStudioVersion = 16.0.30709.64
MinimumVisualStudioVersion = 10.0.40219.1
Project("{2150E333-8FDC-42A3-9474-1A3956D46DE8}") = "ShopManagement", "ShopManagement", "{ABAE7A2F-12B7-4651-95D2-3428A0726C8A}"
EndProject
Project("{2150E333-8FDC-42A3-9474-1A3956D46DE8}") = "SM.Domain", "SM.Domain", "{96FF1448-7A84-474D-9EEC-E0FC5AB73257}"
EndProject
Project("{9A19103F-16F7-4668-BE54-9A1E7A4F7556}") = "ShopManagement.Domain", "ShopManagement.Domain\ShopManagement.Domain.csproj", "{1C185615-4343-4DBF-88E4-5542B8B967E9}"
EndProject
Project("{9A19103F-16F7-4668-BE54-9A1E7A4F7556}") = "0_Framework", "0_Framework\0_Framework.csproj", "{52E61BB0-FF32-40D3-9256-CEEEDC6DD0AE}"
EndProject
Project("{2150E333-8FDC-42A3-9474-1A3956D46DE8}") = "Sm.Application", "Sm.Application", "{6146FE09-B253-408B-A28F-41075FCB3482}"
EndProject
Project("{9A19103F-16F7-4668-BE54-9A1E7A4F7556}") = "ShopManagement.Application.contracts", "ShopManagement.Application.contracts\ShopManagement.Application.contracts.csproj", "{C34D47A4-D0BB-4354-88AE-A6A638464E04}"
EndProject
Project("{9A19103F-16F7-4668-BE54-9A1E7A4F7556}") = "ShopManagement.Application", "ShopManagement.Application\ShopManagement.Application.csproj", "{EA1FC8DA-4001-49A0-A299-294623396AE9}"
EndProject
Project("{2150E333-8FDC-42A3-9474-1A3956D46DE8}") = "SM.Infrastracture", "SM.Infrastracture", "{DE2A2C3C-0D0C-4F3F-9B74-76AACBCA0EAA}"
EndProject
Project("{9A19103F-16F7-4668-BE54-9A1E7A4F7556}") = "ShopManagement.Infrastructure.EfCore", "ShopManagement.Infrastracture.EfCore\ShopManagement.Infrastructure.EfCore.csproj", "{8010545F-64D7-4306-BE18-87CAF8CA2C9D}"
EndProject
Project("{9A19103F-16F7-4668-BE54-9A1E7A4F7556}") = "ShopManagement.Configuration", "ShopManagement.Configuration\ShopManagement.Configuration.csproj", "{3D5F767C-02B2-436F-B375-63F88078248A}"
EndProject
Project("{9A19103F-16F7-4668-BE54-9A1E7A4F7556}") = "ServiceHost", "ServiceHost\ServiceHost.csproj", "{4F2EC42C-3248-43FC-BA31-BA018CFC0FE6}"
EndProject
Project("{9A19103F-16F7-4668-BE54-9A1E7A4F7556}") = "01_Query", "01_Query\01_Query.csproj", "{8C943C3F-4825-4ABE-9CA5-73F655D2B05A}"
EndProject
Project("{2150E333-8FDC-42A3-9474-1A3956D46DE8}") = "DiscountManagement", "DiscountManagement", "{46514ED4-D493-4FE7-AE8F-FED0146068ED}"
EndProject
Project("{2150E333-8FDC-42A3-9474-1A3956D46DE8}") = "DM.Domain", "DM.Domain", "{EB8E98EE-7BFD-45D5-9682-A6476538D864}"
EndProject
Project("{9A19103F-16F7-4668-BE54-9A1E7A4F7556}") = "DiscountManagement.Domain", "DiscountManagement.Domain\DiscountManagement.Domain.csproj", "{40FED5FB-B17C-445B-840A-9B4526379ED2}"
EndProject
Project("{2150E333-8FDC-42A3-9474-1A3956D46DE8}") = "DM.Application", "DM.Application", "{8C5E851F-08FA-435B-8DD5-9C58DEB51837}"
EndProject
Project("{9A19103F-16F7-4668-BE54-9A1E7A4F7556}") = "DiscountManagement.Application.Contract", "DiscountManagement.Contract\DiscountManagement.Application.Contract.csproj", "{2C091D42-C5C6-4AE9-ACBE-8CCE1D33C694}"
EndProject
Project("{9A19103F-16F7-4668-BE54-9A1E7A4F7556}") = "Discount.Management.Application", "Discount.Management.Application\Discount.Management.Application.csproj", "{CE2E6949-3158-49D7-AE1F-D0FC3E903953}"
EndProject
Project("{2150E333-8FDC-42A3-9474-1A3956D46DE8}") = "DM.Infrastructure", "DM.Infrastructure", "{F850AAC2-76F1-4B29-B05B-E1DAE625F9C6}"
EndProject
Project("{9A19103F-16F7-4668-BE54-9A1E7A4F7556}") = "DiscountManagement.infrastructure.EFCore", "DiscountManagement.infrastructure.EFCore\DiscountManagement.infrastructure.EFCore.csproj", "{919A80A1-7607-418C-92C4-53E747F7C0FD}"
EndProject
Project("{9A19103F-16F7-4668-BE54-9A1E7A4F7556}") = "DiscountManagement.Configuration", "DiscountManagemenet.Configuration\DiscountManagement.Configuration.csproj", "{2618CB4F-3A0A-47B1-944D-FA61B33B2E2D}"
EndProject
Project("{2150E333-8FDC-42A3-9474-1A3956D46DE8}") = "InventoryManegement", "InventoryManegement", "{C90F8088-7524-4E72-B731-5AC796CC96C5}"
EndProject
Project("{2150E333-8FDC-42A3-9474-1A3956D46DE8}") = "IM.Domain", "IM.Domain", "{0C627400-2FD4-4C5F-970C-96A9305100BE}"
EndProject
Project("{9A19103F-16F7-4668-BE54-9A1E7A4F7556}") = "InventoryManagement.Domain", "InventoryManagement.Domain\InventoryManagement.Domain.csproj", "{0748F83B-9529-4249-8E33-E176DFF831AA}"
EndProject
Project("{2150E333-8FDC-42A3-9474-1A3956D46DE8}") = "IM.Application", "IM.Application", "{62E824BA-AD71-4BEF-B200-02788DBBF818}"
EndProject
Project("{9A19103F-16F7-4668-BE54-9A1E7A4F7556}") = "InventoryManagement.Application.Contract", "InventoryManagement.Application.Contract\InventoryManagement.Application.Contract.csproj", "{E42F0938-28AE-4DEB-A298-78117E77817F}"
EndProject
Project("{2150E333-8FDC-42A3-9474-1A3956D46DE8}") = "IM.Infrastructure", "IM.Infrastructure", "{C7E2EF71-EED6-41A6-BFE6-FBC2975E89DC}"
EndProject
Project("{9A19103F-16F7-4668-BE54-9A1E7A4F7556}") = "InventoryManagement.Infrastructure.EfCore", "InventoryManagement.Infrastructure.EfCore\InventoryManagement.Infrastructure.EfCore.csproj", "{2E9E2172-4508-4DA7-A04E-FC1E2A0788A0}"
EndProject
Project("{9A19103F-16F7-4668-BE54-9A1E7A4F7556}") = "InventoryManagement.Infrastructure.Configuration", "InventoryManagement.Infrastructure.Configuration\InventoryManagement.Infrastructure.Configuration.csproj", "{6B7FEC8F-38CA-41F2-A7FA-AD67ABF608FB}"
EndProject
Project("{9A19103F-16F7-4668-BE54-9A1E7A4F7556}") = "InventoryManagement.Application", "InventoryManagement.Application\InventoryManagement.Application.csproj", "{07216E21-A634-42D8-A23D-540993A5E87D}"
EndProject
Global
	GlobalSection(SolutionConfigurationPlatforms) = preSolution
		Debug|Any CPU = Debug|Any CPU
		Release|Any CPU = Release|Any CPU
	EndGlobalSection
	GlobalSection(ProjectConfigurationPlatforms) = postSolution
		{1C185615-4343-4DBF-88E4-5542B8B967E9}.Debug|Any CPU.ActiveCfg = Debug|Any CPU
		{1C185615-4343-4DBF-88E4-5542B8B967E9}.Debug|Any CPU.Build.0 = Debug|Any CPU
		{1C185615-4343-4DBF-88E4-5542B8B967E9}.Release|Any CPU.ActiveCfg = Release|Any CPU
		{1C185615-4343-4DBF-88E4-5542B8B967E9}.Release|Any CPU.Build.0 = Release|Any CPU
		{52E61BB0-FF32-40D3-9256-CEEEDC6DD0AE}.Debug|Any CPU.ActiveCfg = Debug|Any CPU
		{52E61BB0-FF32-40D3-9256-CEEEDC6DD0AE}.Debug|Any CPU.Build.0 = Debug|Any CPU
		{52E61BB0-FF32-40D3-9256-CEEEDC6DD0AE}.Release|Any CPU.ActiveCfg = Release|Any CPU
		{52E61BB0-FF32-40D3-9256-CEEEDC6DD0AE}.Release|Any CPU.Build.0 = Release|Any CPU
		{C34D47A4-D0BB-4354-88AE-A6A638464E04}.Debug|Any CPU.ActiveCfg = Debug|Any CPU
		{C34D47A4-D0BB-4354-88AE-A6A638464E04}.Debug|Any CPU.Build.0 = Debug|Any CPU
		{C34D47A4-D0BB-4354-88AE-A6A638464E04}.Release|Any CPU.ActiveCfg = Release|Any CPU
		{C34D47A4-D0BB-4354-88AE-A6A638464E04}.Release|Any CPU.Build.0 = Release|Any CPU
		{EA1FC8DA-4001-49A0-A299-294623396AE9}.Debug|Any CPU.ActiveCfg = Debug|Any CPU
		{EA1FC8DA-4001-49A0-A299-294623396AE9}.Debug|Any CPU.Build.0 = Debug|Any CPU
		{EA1FC8DA-4001-49A0-A299-294623396AE9}.Release|Any CPU.ActiveCfg = Release|Any CPU
		{EA1FC8DA-4001-49A0-A299-294623396AE9}.Release|Any CPU.Build.0 = Release|Any CPU
		{8010545F-64D7-4306-BE18-87CAF8CA2C9D}.Debug|Any CPU.ActiveCfg = Debug|Any CPU
		{8010545F-64D7-4306-BE18-87CAF8CA2C9D}.Debug|Any CPU.Build.0 = Debug|Any CPU
		{8010545F-64D7-4306-BE18-87CAF8CA2C9D}.Release|Any CPU.ActiveCfg = Release|Any CPU
		{8010545F-64D7-4306-BE18-87CAF8CA2C9D}.Release|Any CPU.Build.0 = Release|Any CPU
		{3D5F767C-02B2-436F-B375-63F88078248A}.Debug|Any CPU.ActiveCfg = Debug|Any CPU
		{3D5F767C-02B2-436F-B375-63F88078248A}.Debug|Any CPU.Build.0 = Debug|Any CPU
		{3D5F767C-02B2-436F-B375-63F88078248A}.Release|Any CPU.ActiveCfg = Release|Any CPU
		{3D5F767C-02B2-436F-B375-63F88078248A}.Release|Any CPU.Build.0 = Release|Any CPU
		{4F2EC42C-3248-43FC-BA31-BA018CFC0FE6}.Debug|Any CPU.ActiveCfg = Debug|Any CPU
		{4F2EC42C-3248-43FC-BA31-BA018CFC0FE6}.Debug|Any CPU.Build.0 = Debug|Any CPU
		{4F2EC42C-3248-43FC-BA31-BA018CFC0FE6}.Release|Any CPU.ActiveCfg = Release|Any CPU
		{4F2EC42C-3248-43FC-BA31-BA018CFC0FE6}.Release|Any CPU.Build.0 = Release|Any CPU
		{8C943C3F-4825-4ABE-9CA5-73F655D2B05A}.Debug|Any CPU.ActiveCfg = Debug|Any CPU
		{8C943C3F-4825-4ABE-9CA5-73F655D2B05A}.Debug|Any CPU.Build.0 = Debug|Any CPU
		{8C943C3F-4825-4ABE-9CA5-73F655D2B05A}.Release|Any CPU.ActiveCfg = Release|Any CPU
		{8C943C3F-4825-4ABE-9CA5-73F655D2B05A}.Release|Any CPU.Build.0 = Release|Any CPU
		{40FED5FB-B17C-445B-840A-9B4526379ED2}.Debug|Any CPU.ActiveCfg = Debug|Any CPU
		{40FED5FB-B17C-445B-840A-9B4526379ED2}.Debug|Any CPU.Build.0 = Debug|Any CPU
		{40FED5FB-B17C-445B-840A-9B4526379ED2}.Release|Any CPU.ActiveCfg = Release|Any CPU
		{40FED5FB-B17C-445B-840A-9B4526379ED2}.Release|Any CPU.Build.0 = Release|Any CPU
		{2C091D42-C5C6-4AE9-ACBE-8CCE1D33C694}.Debug|Any CPU.ActiveCfg = Debug|Any CPU
		{2C091D42-C5C6-4AE9-ACBE-8CCE1D33C694}.Debug|Any CPU.Build.0 = Debug|Any CPU
		{2C091D42-C5C6-4AE9-ACBE-8CCE1D33C694}.Release|Any CPU.ActiveCfg = Release|Any CPU
		{2C091D42-C5C6-4AE9-ACBE-8CCE1D33C694}.Release|Any CPU.Build.0 = Release|Any CPU
		{CE2E6949-3158-49D7-AE1F-D0FC3E903953}.Debug|Any CPU.ActiveCfg = Debug|Any CPU
		{CE2E6949-3158-49D7-AE1F-D0FC3E903953}.Debug|Any CPU.Build.0 = Debug|Any CPU
		{CE2E6949-3158-49D7-AE1F-D0FC3E903953}.Release|Any CPU.ActiveCfg = Release|Any CPU
		{CE2E6949-3158-49D7-AE1F-D0FC3E903953}.Release|Any CPU.Build.0 = Release|Any CPU
		{919A80A1-7607-418C-92C4-53E747F7C0FD}.Debug|Any CPU.ActiveCfg = Debug|Any CPU
		{919A80A1-7607-418C-92C4-53E747F7C0FD}.Debug|Any CPU.Build.0 = Debug|Any CPU
		{919A80A1-7607-418C-92C4-53E747F7C0FD}.Release|Any CPU.ActiveCfg = Release|Any CPU
		{919A80A1-7607-418C-92C4-53E747F7C0FD}.Release|Any CPU.Build.0 = Release|Any CPU
		{2618CB4F-3A0A-47B1-944D-FA61B33B2E2D}.Debug|Any CPU.ActiveCfg = Debug|Any CPU
		{2618CB4F-3A0A-47B1-944D-FA61B33B2E2D}.Debug|Any CPU.Build.0 = Debug|Any CPU
		{2618CB4F-3A0A-47B1-944D-FA61B33B2E2D}.Release|Any CPU.ActiveCfg = Release|Any CPU
		{2618CB4F-3A0A-47B1-944D-FA61B33B2E2D}.Release|Any CPU.Build.0 = Release|Any CPU
		{0748F83B-9529-4249-8E33-E176DFF831AA}.Debug|Any CPU.ActiveCfg = Debug|Any CPU
		{0748F83B-9529-4249-8E33-E176DFF831AA}.Debug|Any CPU.Build.0 = Debug|Any CPU
		{0748F83B-9529-4249-8E33-E176DFF831AA}.Release|Any CPU.ActiveCfg = Release|Any CPU
		{0748F83B-9529-4249-8E33-E176DFF831AA}.Release|Any CPU.Build.0 = Release|Any CPU
		{E42F0938-28AE-4DEB-A298-78117E77817F}.Debug|Any CPU.ActiveCfg = Debug|Any CPU
		{E42F0938-28AE-4DEB-A298-78117E77817F}.Debug|Any CPU.Build.0 = Debug|Any CPU
		{E42F0938-28AE-4DEB-A298-78117E77817F}.Release|Any CPU.ActiveCfg = Release|Any CPU
		{E42F0938-28AE-4DEB-A298-78117E77817F}.Release|Any CPU.Build.0 = Release|Any CPU
		{2E9E2172-4508-4DA7-A04E-FC1E2A0788A0}.Debug|Any CPU.ActiveCfg = Debug|Any CPU
		{2E9E2172-4508-4DA7-A04E-FC1E2A0788A0}.Debug|Any CPU.Build.0 = Debug|Any CPU
		{2E9E2172-4508-4DA7-A04E-FC1E2A0788A0}.Release|Any CPU.ActiveCfg = Release|Any CPU
		{2E9E2172-4508-4DA7-A04E-FC1E2A0788A0}.Release|Any CPU.Build.0 = Release|Any CPU
		{6B7FEC8F-38CA-41F2-A7FA-AD67ABF608FB}.Debug|Any CPU.ActiveCfg = Debug|Any CPU
		{6B7FEC8F-38CA-41F2-A7FA-AD67ABF608FB}.Debug|Any CPU.Build.0 = Debug|Any CPU
		{6B7FEC8F-38CA-41F2-A7FA-AD67ABF608FB}.Release|Any CPU.ActiveCfg = Release|Any CPU
		{6B7FEC8F-38CA-41F2-A7FA-AD67ABF608FB}.Release|Any CPU.Build.0 = Release|Any CPU
		{07216E21-A634-42D8-A23D-540993A5E87D}.Debug|Any CPU.ActiveCfg = Debug|Any CPU
		{07216E21-A634-42D8-A23D-540993A5E87D}.Debug|Any CPU.Build.0 = Debug|Any CPU
		{07216E21-A634-42D8-A23D-540993A5E87D}.Release|Any CPU.ActiveCfg = Release|Any CPU
		{07216E21-A634-42D8-A23D-540993A5E87D}.Release|Any CPU.Build.0 = Release|Any CPU
	EndGlobalSection
	GlobalSection(SolutionProperties) = preSolution
		HideSolutionNode = FALSE
	EndGlobalSection
	GlobalSection(NestedProjects) = preSolution
		{96FF1448-7A84-474D-9EEC-E0FC5AB73257} = {ABAE7A2F-12B7-4651-95D2-3428A0726C8A}
		{1C185615-4343-4DBF-88E4-5542B8B967E9} = {96FF1448-7A84-474D-9EEC-E0FC5AB73257}
		{52E61BB0-FF32-40D3-9256-CEEEDC6DD0AE} = {ABAE7A2F-12B7-4651-95D2-3428A0726C8A}
		{6146FE09-B253-408B-A28F-41075FCB3482} = {ABAE7A2F-12B7-4651-95D2-3428A0726C8A}
		{C34D47A4-D0BB-4354-88AE-A6A638464E04} = {6146FE09-B253-408B-A28F-41075FCB3482}
		{EA1FC8DA-4001-49A0-A299-294623396AE9} = {6146FE09-B253-408B-A28F-41075FCB3482}
		{DE2A2C3C-0D0C-4F3F-9B74-76AACBCA0EAA} = {ABAE7A2F-12B7-4651-95D2-3428A0726C8A}
		{8010545F-64D7-4306-BE18-87CAF8CA2C9D} = {DE2A2C3C-0D0C-4F3F-9B74-76AACBCA0EAA}
		{3D5F767C-02B2-436F-B375-63F88078248A} = {DE2A2C3C-0D0C-4F3F-9B74-76AACBCA0EAA}
		{EB8E98EE-7BFD-45D5-9682-A6476538D864} = {46514ED4-D493-4FE7-AE8F-FED0146068ED}
		{40FED5FB-B17C-445B-840A-9B4526379ED2} = {EB8E98EE-7BFD-45D5-9682-A6476538D864}
		{8C5E851F-08FA-435B-8DD5-9C58DEB51837} = {46514ED4-D493-4FE7-AE8F-FED0146068ED}
		{2C091D42-C5C6-4AE9-ACBE-8CCE1D33C694} = {8C5E851F-08FA-435B-8DD5-9C58DEB51837}
		{CE2E6949-3158-49D7-AE1F-D0FC3E903953} = {8C5E851F-08FA-435B-8DD5-9C58DEB51837}
		{F850AAC2-76F1-4B29-B05B-E1DAE625F9C6} = {46514ED4-D493-4FE7-AE8F-FED0146068ED}
		{919A80A1-7607-418C-92C4-53E747F7C0FD} = {F850AAC2-76F1-4B29-B05B-E1DAE625F9C6}
		{2618CB4F-3A0A-47B1-944D-FA61B33B2E2D} = {F850AAC2-76F1-4B29-B05B-E1DAE625F9C6}
		{0C627400-2FD4-4C5F-970C-96A9305100BE} = {C90F8088-7524-4E72-B731-5AC796CC96C5}
		{0748F83B-9529-4249-8E33-E176DFF831AA} = {0C627400-2FD4-4C5F-970C-96A9305100BE}
		{62E824BA-AD71-4BEF-B200-02788DBBF818} = {C90F8088-7524-4E72-B731-5AC796CC96C5}
		{E42F0938-28AE-4DEB-A298-78117E77817F} = {62E824BA-AD71-4BEF-B200-02788DBBF818}
		{C7E2EF71-EED6-41A6-BFE6-FBC2975E89DC} = {C90F8088-7524-4E72-B731-5AC796CC96C5}
		{2E9E2172-4508-4DA7-A04E-FC1E2A0788A0} = {C7E2EF71-EED6-41A6-BFE6-FBC2975E89DC}
		{6B7FEC8F-38CA-41F2-A7FA-AD67ABF608FB} = {C7E2EF71-EED6-41A6-BFE6-FBC2975E89DC}
		{07216E21-A634-42D8-A23D-540993A5E87D} = {62E824BA-AD71-4BEF-B200-02788DBBF818}
	EndGlobalSection
	GlobalSection(ExtensibilityGlobals) = postSolution
		SolutionGuid = {7919DFFA-B210-45B1-9A45-47596CBE3E9E}
	EndGlobalSection
EndGlobal
